{
  "name": "git-dep",
  "lockfileVersion": 3,
  "requires": true,
  "packages": {
    "": {
      "name": "git-dep",
      "dependencies": {
        "bencode": "github:webtorrent/node-bencode"
      }
    },
    "node_modules/bencode": {
      "version": "4.0.1",
      "resolved": "git+https://git@github.com/webtorrent/node-bencode.git#33b5377f86cac205f8923b99e1d684af13831e0d",
      "license": "MIT",
      "dependencies": {
        "uint8-util": "^2.2.2"
      },
      "engines": {
        "node": ">=12.20.0"
      }
    },
    "node_modules/uint8-util": {
      "version": "2.3.2",
      "resolved": "https://registry.npmjs.org/uint8-util/-/uint8-util-2.3.2.tgz",
      "integrity": "sha512-u1c0/eiT1IW+c5+ogbmE2Fu2hmtJQPkuzDmXD/4crMU4FPMjkTkFnjJ2NN/9AsZ9YWcc7yE869uc3WB8wIZEEA==",
      "license": "MIT"
    }
  }
}
